
Microsoft Visual Studio Solution File, Format Version 12.00
# Visual Studio 14
VisualStudioVersion = 14.0.25420.1
MinimumVisualStudioVersion = 10.0.40219.1
Project("{D954291E-2A0B-460D-934E-DC6B0785DB48}") = "Forms.Shared.Xaml", "Forms.Shared.Xaml\Forms.Shared.Xaml\Forms.Shared.Xaml.shproj", "{B6B42B9E-E15C-4A45-889B-881C0436D43D}"
EndProject
Project("{FAE04EC0-301F-11D3-BF4B-00C04F79EFBC}") = "Forms.Shared.Xaml.Droid", "Forms.Shared.Xaml\Forms.Shared.Xaml.Droid\Forms.Shared.Xaml.Droid.csproj", "{9C3D8CEC-FACE-4289-8B55-062447AA4466}"
EndProject
Project("{FAE04EC0-301F-11D3-BF4B-00C04F79EFBC}") = "Forms.Shared.Xaml.iOS", "Forms.Shared.Xaml\Forms.Shared.Xaml.iOS\Forms.Shared.Xaml.iOS.csproj", "{04DAD9E1-A23B-4827-A25D-D94B89588A68}"
EndProject
Project("{FAE04EC0-301F-11D3-BF4B-00C04F79EFBC}") = "Forms.Shared.Xaml.WinPhone", "Forms.Shared.Xaml\Forms.Shared.Xaml.WinPhone\Forms.Shared.Xaml.WinPhone.csproj", "{D09C0570-5AAD-42EB-9134-F58AACD8CAB9}"
EndProject
Project("{FAE04EC0-301F-11D3-BF4B-00C04F79EFBC}") = "Forms.Shared.Xaml.UWP", "Forms.Shared.Xaml\Forms.Shared.Xaml.UWP\Forms.Shared.Xaml.UWP.csproj", "{9256CD0F-797D-41C5-A3D1-DAB3EEBCE701}"
EndProject
Project("{FAE04EC0-301F-11D3-BF4B-00C04F79EFBC}") = "Forms.Shared.Xaml.Windows", "Forms.Shared.Xaml\Forms.Shared.Xaml.Windows\Forms.Shared.Xaml.Windows.csproj", "{9307CD16-2E8E-4A63-B09D-F064D6B3A800}"
EndProject
Global
	GlobalSection(SharedMSBuildProjectFiles) = preSolution
		Forms.Shared.Xaml\Forms.Shared.Xaml\Forms.Shared.Xaml.projitems*{04dad9e1-a23b-4827-a25d-d94b89588a68}*SharedItemsImports = 4
		Forms.Shared.Xaml\Forms.Shared.Xaml\Forms.Shared.Xaml.projitems*{9256cd0f-797d-41c5-a3d1-dab3eebce701}*SharedItemsImports = 4
		Forms.Shared.Xaml\Forms.Shared.Xaml\Forms.Shared.Xaml.projitems*{9307cd16-2e8e-4a63-b09d-f064d6b3a800}*SharedItemsImports = 4
		Forms.Shared.Xaml\Forms.Shared.Xaml\Forms.Shared.Xaml.projitems*{9c3d8cec-face-4289-8b55-062447aa4466}*SharedItemsImports = 4
		Forms.Shared.Xaml\Forms.Shared.Xaml\Forms.Shared.Xaml.projitems*{b6b42b9e-e15c-4a45-889b-881c0436d43d}*SharedItemsImports = 13
		Forms.Shared.Xaml\Forms.Shared.Xaml\Forms.Shared.Xaml.projitems*{d09c0570-5aad-42eb-9134-f58aacd8cab9}*SharedItemsImports = 4
	EndGlobalSection
	GlobalSection(SolutionConfigurationPlatforms) = preSolution
		Ad-Hoc|Any CPU = Ad-Hoc|Any CPU
		Ad-Hoc|ARM = Ad-Hoc|ARM
		Ad-Hoc|iPhone = Ad-Hoc|iPhone
		Ad-Hoc|iPhoneSimulator = Ad-Hoc|iPhoneSimulator
		Ad-Hoc|x64 = Ad-Hoc|x64
		Ad-Hoc|x86 = Ad-Hoc|x86
		AppStore|Any CPU = AppStore|Any CPU
		AppStore|ARM = AppStore|ARM
		AppStore|iPhone = AppStore|iPhone
		AppStore|iPhoneSimulator = AppStore|iPhoneSimulator
		AppStore|x64 = AppStore|x64
		AppStore|x86 = AppStore|x86
		Debug|Any CPU = Debug|Any CPU
		Debug|ARM = Debug|ARM
		Debug|iPhone = Debug|iPhone
		Debug|iPhoneSimulator = Debug|iPhoneSimulator
		Debug|x64 = Debug|x64
		Debug|x86 = Debug|x86
		Release|Any CPU = Release|Any CPU
		Release|ARM = Release|ARM
		Release|iPhone = Release|iPhone
		Release|iPhoneSimulator = Release|iPhoneSimulator
		Release|x64 = Release|x64
		Release|x86 = Release|x86
	EndGlobalSection
	GlobalSection(ProjectConfigurationPlatforms) = postSolution
		{9C3D8CEC-FACE-4289-8B55-062447AA4466}.Ad-Hoc|Any CPU.ActiveCfg = Release|Any CPU
		{9C3D8CEC-FACE-4289-8B55-062447AA4466}.Ad-Hoc|Any CPU.Build.0 = Release|Any CPU
		{9C3D8CEC-FACE-4289-8B55-062447AA4466}.Ad-Hoc|Any CPU.Deploy.0 = Release|Any CPU
		{9C3D8CEC-FACE-4289-8B55-062447AA4466}.Ad-Hoc|ARM.ActiveCfg = Release|Any CPU
		{9C3D8CEC-FACE-4289-8B55-062447AA4466}.Ad-Hoc|ARM.Build.0 = Release|Any CPU
		{9C3D8CEC-FACE-4289-8B55-062447AA4466}.Ad-Hoc|ARM.Deploy.0 = Release|Any CPU
		{9C3D8CEC-FACE-4289-8B55-062447AA4466}.Ad-Hoc|iPhone.ActiveCfg = Release|Any CPU
		{9C3D8CEC-FACE-4289-8B55-062447AA4466}.Ad-Hoc|iPhone.Build.0 = Release|Any CPU
		{9C3D8CEC-FACE-4289-8B55-062447AA4466}.Ad-Hoc|iPhone.Deploy.0 = Release|Any CPU
		{9C3D8CEC-FACE-4289-8B55-062447AA4466}.Ad-Hoc|iPhoneSimulator.ActiveCfg = Release|Any CPU
		{9C3D8CEC-FACE-4289-8B55-062447AA4466}.Ad-Hoc|iPhoneSimulator.Build.0 = Release|Any CPU
		{9C3D8CEC-FACE-4289-8B55-062447AA4466}.Ad-Hoc|iPhoneSimulator.Deploy.0 = Release|Any CPU
		{9C3D8CEC-FACE-4289-8B55-062447AA4466}.Ad-Hoc|x64.ActiveCfg = Release|Any CPU
		{9C3D8CEC-FACE-4289-8B55-062447AA4466}.Ad-Hoc|x64.Build.0 = Release|Any CPU
		{9C3D8CEC-FACE-4289-8B55-062447AA4466}.Ad-Hoc|x64.Deploy.0 = Release|Any CPU
		{9C3D8CEC-FACE-4289-8B55-062447AA4466}.Ad-Hoc|x86.ActiveCfg = Release|Any CPU
		{9C3D8CEC-FACE-4289-8B55-062447AA4466}.Ad-Hoc|x86.Build.0 = Release|Any CPU
		{9C3D8CEC-FACE-4289-8B55-062447AA4466}.Ad-Hoc|x86.Deploy.0 = Release|Any CPU
		{9C3D8CEC-FACE-4289-8B55-062447AA4466}.AppStore|Any CPU.ActiveCfg = Release|Any CPU
		{9C3D8CEC-FACE-4289-8B55-062447AA4466}.AppStore|Any CPU.Build.0 = Release|Any CPU
		{9C3D8CEC-FACE-4289-8B55-062447AA4466}.AppStore|Any CPU.Deploy.0 = Release|Any CPU
		{9C3D8CEC-FACE-4289-8B55-062447AA4466}.AppStore|ARM.ActiveCfg = Release|Any CPU
		{9C3D8CEC-FACE-4289-8B55-062447AA4466}.AppStore|ARM.Build.0 = Release|Any CPU
		{9C3D8CEC-FACE-4289-8B55-062447AA4466}.AppStore|ARM.Deploy.0 = Release|Any CPU
		{9C3D8CEC-FACE-4289-8B55-062447AA4466}.AppStore|iPhone.ActiveCfg = Release|Any CPU
		{9C3D8CEC-FACE-4289-8B55-062447AA4466}.AppStore|iPhone.Build.0 = Release|Any CPU
		{9C3D8CEC-FACE-4289-8B55-062447AA4466}.AppStore|iPhone.Deploy.0 = Release|Any CPU
		{9C3D8CEC-FACE-4289-8B55-062447AA4466}.AppStore|iPhoneSimulator.ActiveCfg = Release|Any CPU
		{9C3D8CEC-FACE-4289-8B55-062447AA4466}.AppStore|iPhoneSimulator.Build.0 = Release|Any CPU
		{9C3D8CEC-FACE-4289-8B55-062447AA4466}.AppStore|iPhoneSimulator.Deploy.0 = Release|Any CPU
		{9C3D8CEC-FACE-4289-8B55-062447AA4466}.AppStore|x64.ActiveCfg = Release|Any CPU
		{9C3D8CEC-FACE-4289-8B55-062447AA4466}.AppStore|x64.Build.0 = Release|Any CPU
		{9C3D8CEC-FACE-4289-8B55-062447AA4466}.AppStore|x64.Deploy.0 = Release|Any CPU
		{9C3D8CEC-FACE-4289-8B55-062447AA4466}.AppStore|x86.ActiveCfg = Release|Any CPU
		{9C3D8CEC-FACE-4289-8B55-062447AA4466}.AppStore|x86.Build.0 = Release|Any CPU
		{9C3D8CEC-FACE-4289-8B55-062447AA4466}.AppStore|x86.Deploy.0 = Release|Any CPU
		{9C3D8CEC-FACE-4289-8B55-062447AA4466}.Debug|Any CPU.ActiveCfg = Debug|Any CPU
		{9C3D8CEC-FACE-4289-8B55-062447AA4466}.Debug|Any CPU.Build.0 = Debug|Any CPU
		{9C3D8CEC-FACE-4289-8B55-062447AA4466}.Debug|Any CPU.Deploy.0 = Debug|Any CPU
		{9C3D8CEC-FACE-4289-8B55-062447AA4466}.Debug|ARM.ActiveCfg = Debug|Any CPU
		{9C3D8CEC-FACE-4289-8B55-062447AA4466}.Debug|ARM.Build.0 = Debug|Any CPU
		{9C3D8CEC-FACE-4289-8B55-062447AA4466}.Debug|ARM.Deploy.0 = Debug|Any CPU
		{9C3D8CEC-FACE-4289-8B55-062447AA4466}.Debug|iPhone.ActiveCfg = Debug|Any CPU
		{9C3D8CEC-FACE-4289-8B55-062447AA4466}.Debug|iPhone.Build.0 = Debug|Any CPU
		{9C3D8CEC-FACE-4289-8B55-062447AA4466}.Debug|iPhone.Deploy.0 = Debug|Any CPU
		{9C3D8CEC-FACE-4289-8B55-062447AA4466}.Debug|iPhoneSimulator.ActiveCfg = Debug|Any CPU
		{9C3D8CEC-FACE-4289-8B55-062447AA4466}.Debug|iPhoneSimulator.Build.0 = Debug|Any CPU
		{9C3D8CEC-FACE-4289-8B55-062447AA4466}.Debug|iPhoneSimulator.Deploy.0 = Debug|Any CPU
		{9C3D8CEC-FACE-4289-8B55-062447AA4466}.Debug|x64.ActiveCfg = Debug|Any CPU
		{9C3D8CEC-FACE-4289-8B55-062447AA4466}.Debug|x64.Build.0 = Debug|Any CPU
		{9C3D8CEC-FACE-4289-8B55-062447AA4466}.Debug|x64.Deploy.0 = Debug|Any CPU
		{9C3D8CEC-FACE-4289-8B55-062447AA4466}.Debug|x86.ActiveCfg = Debug|Any CPU
		{9C3D8CEC-FACE-4289-8B55-062447AA4466}.Debug|x86.Build.0 = Debug|Any CPU
		{9C3D8CEC-FACE-4289-8B55-062447AA4466}.Debug|x86.Deploy.0 = Debug|Any CPU
		{9C3D8CEC-FACE-4289-8B55-062447AA4466}.Release|Any CPU.ActiveCfg = Release|Any CPU
		{9C3D8CEC-FACE-4289-8B55-062447AA4466}.Release|Any CPU.Build.0 = Release|Any CPU
		{9C3D8CEC-FACE-4289-8B55-062447AA4466}.Release|Any CPU.Deploy.0 = Release|Any CPU
		{9C3D8CEC-FACE-4289-8B55-062447AA4466}.Release|ARM.ActiveCfg = Release|Any CPU
		{9C3D8CEC-FACE-4289-8B55-062447AA4466}.Release|ARM.Build.0 = Release|Any CPU
		{9C3D8CEC-FACE-4289-8B55-062447AA4466}.Release|ARM.Deploy.0 = Release|Any CPU
		{9C3D8CEC-FACE-4289-8B55-062447AA4466}.Release|iPhone.ActiveCfg = Release|Any CPU
		{9C3D8CEC-FACE-4289-8B55-062447AA4466}.Release|iPhone.Build.0 = Release|Any CPU
		{9C3D8CEC-FACE-4289-8B55-062447AA4466}.Release|iPhone.Deploy.0 = Release|Any CPU
		{9C3D8CEC-FACE-4289-8B55-062447AA4466}.Release|iPhoneSimulator.ActiveCfg = Release|Any CPU
		{9C3D8CEC-FACE-4289-8B55-062447AA4466}.Release|iPhoneSimulator.Build.0 = Release|Any CPU
		{9C3D8CEC-FACE-4289-8B55-062447AA4466}.Release|iPhoneSimulator.Deploy.0 = Release|Any CPU
		{9C3D8CEC-FACE-4289-8B55-062447AA4466}.Release|x64.ActiveCfg = Release|Any CPU
		{9C3D8CEC-FACE-4289-8B55-062447AA4466}.Release|x64.Build.0 = Release|Any CPU
		{9C3D8CEC-FACE-4289-8B55-062447AA4466}.Release|x64.Deploy.0 = Release|Any CPU
		{9C3D8CEC-FACE-4289-8B55-062447AA4466}.Release|x86.ActiveCfg = Release|Any CPU
		{9C3D8CEC-FACE-4289-8B55-062447AA4466}.Release|x86.Build.0 = Release|Any CPU
		{9C3D8CEC-FACE-4289-8B55-062447AA4466}.Release|x86.Deploy.0 = Release|Any CPU
		{04DAD9E1-A23B-4827-A25D-D94B89588A68}.Ad-Hoc|Any CPU.ActiveCfg = Ad-Hoc|iPhone
		{04DAD9E1-A23B-4827-A25D-D94B89588A68}.Ad-Hoc|ARM.ActiveCfg = Ad-Hoc|iPhone
		{04DAD9E1-A23B-4827-A25D-D94B89588A68}.Ad-Hoc|iPhone.ActiveCfg = Ad-Hoc|iPhone
		{04DAD9E1-A23B-4827-A25D-D94B89588A68}.Ad-Hoc|iPhone.Build.0 = Ad-Hoc|iPhone
		{04DAD9E1-A23B-4827-A25D-D94B89588A68}.Ad-Hoc|iPhoneSimulator.ActiveCfg = Ad-Hoc|iPhoneSimulator
		{04DAD9E1-A23B-4827-A25D-D94B89588A68}.Ad-Hoc|iPhoneSimulator.Build.0 = Ad-Hoc|iPhoneSimulator
		{04DAD9E1-A23B-4827-A25D-D94B89588A68}.Ad-Hoc|x64.ActiveCfg = Ad-Hoc|iPhone
		{04DAD9E1-A23B-4827-A25D-D94B89588A68}.Ad-Hoc|x86.ActiveCfg = Ad-Hoc|iPhone
		{04DAD9E1-A23B-4827-A25D-D94B89588A68}.AppStore|Any CPU.ActiveCfg = AppStore|iPhone
		{04DAD9E1-A23B-4827-A25D-D94B89588A68}.AppStore|ARM.ActiveCfg = AppStore|iPhone
		{04DAD9E1-A23B-4827-A25D-D94B89588A68}.AppStore|iPhone.ActiveCfg = AppStore|iPhone
		{04DAD9E1-A23B-4827-A25D-D94B89588A68}.AppStore|iPhone.Build.0 = AppStore|iPhone
		{04DAD9E1-A23B-4827-A25D-D94B89588A68}.AppStore|iPhoneSimulator.ActiveCfg = AppStore|iPhoneSimulator
		{04DAD9E1-A23B-4827-A25D-D94B89588A68}.AppStore|iPhoneSimulator.Build.0 = AppStore|iPhoneSimulator
		{04DAD9E1-A23B-4827-A25D-D94B89588A68}.AppStore|x64.ActiveCfg = AppStore|iPhone
		{04DAD9E1-A23B-4827-A25D-D94B89588A68}.AppStore|x86.ActiveCfg = AppStore|iPhone
		{04DAD9E1-A23B-4827-A25D-D94B89588A68}.Debug|Any CPU.ActiveCfg = Debug|iPhone
		{04DAD9E1-A23B-4827-A25D-D94B89588A68}.Debug|ARM.ActiveCfg = Debug|iPhone
		{04DAD9E1-A23B-4827-A25D-D94B89588A68}.Debug|iPhone.ActiveCfg = Debug|iPhone
		{04DAD9E1-A23B-4827-A25D-D94B89588A68}.Debug|iPhone.Build.0 = Debug|iPhone
		{04DAD9E1-A23B-4827-A25D-D94B89588A68}.Debug|iPhoneSimulator.ActiveCfg = Debug|iPhoneSimulator
		{04DAD9E1-A23B-4827-A25D-D94B89588A68}.Debug|iPhoneSimulator.Build.0 = Debug|iPhoneSimulator
		{04DAD9E1-A23B-4827-A25D-D94B89588A68}.Debug|x64.ActiveCfg = Debug|iPhone
		{04DAD9E1-A23B-4827-A25D-D94B89588A68}.Debug|x86.ActiveCfg = Debug|iPhone
		{04DAD9E1-A23B-4827-A25D-D94B89588A68}.Release|Any CPU.ActiveCfg = Release|iPhone
		{04DAD9E1-A23B-4827-A25D-D94B89588A68}.Release|ARM.ActiveCfg = Release|iPhone
		{04DAD9E1-A23B-4827-A25D-D94B89588A68}.Release|iPhone.ActiveCfg = Release|iPhone
		{04DAD9E1-A23B-4827-A25D-D94B89588A68}.Release|iPhone.Build.0 = Release|iPhone
		{04DAD9E1-A23B-4827-A25D-D94B89588A68}.Release|iPhoneSimulator.ActiveCfg = Release|iPhoneSimulator
		{04DAD9E1-A23B-4827-A25D-D94B89588A68}.Release|iPhoneSimulator.Build.0 = Release|iPhoneSimulator
		{04DAD9E1-A23B-4827-A25D-D94B89588A68}.Release|x64.ActiveCfg = Release|iPhone
		{04DAD9E1-A23B-4827-A25D-D94B89588A68}.Release|x86.ActiveCfg = Release|iPhone
		{D09C0570-5AAD-42EB-9134-F58AACD8CAB9}.Ad-Hoc|Any CPU.ActiveCfg = Release|Any CPU
		{D09C0570-5AAD-42EB-9134-F58AACD8CAB9}.Ad-Hoc|Any CPU.Build.0 = Release|Any CPU
		{D09C0570-5AAD-42EB-9134-F58AACD8CAB9}.Ad-Hoc|Any CPU.Deploy.0 = Release|Any CPU
		{D09C0570-5AAD-42EB-9134-F58AACD8CAB9}.Ad-Hoc|ARM.ActiveCfg = Release|ARM
		{D09C0570-5AAD-42EB-9134-F58AACD8CAB9}.Ad-Hoc|ARM.Build.0 = Release|ARM
		{D09C0570-5AAD-42EB-9134-F58AACD8CAB9}.Ad-Hoc|ARM.Deploy.0 = Release|ARM
		{D09C0570-5AAD-42EB-9134-F58AACD8CAB9}.Ad-Hoc|iPhone.ActiveCfg = Release|Any CPU
		{D09C0570-5AAD-42EB-9134-F58AACD8CAB9}.Ad-Hoc|iPhone.Build.0 = Release|Any CPU
		{D09C0570-5AAD-42EB-9134-F58AACD8CAB9}.Ad-Hoc|iPhone.Deploy.0 = Release|Any CPU
		{D09C0570-5AAD-42EB-9134-F58AACD8CAB9}.Ad-Hoc|iPhoneSimulator.ActiveCfg = Release|Any CPU
		{D09C0570-5AAD-42EB-9134-F58AACD8CAB9}.Ad-Hoc|iPhoneSimulator.Build.0 = Release|Any CPU
		{D09C0570-5AAD-42EB-9134-F58AACD8CAB9}.Ad-Hoc|iPhoneSimulator.Deploy.0 = Release|Any CPU
		{D09C0570-5AAD-42EB-9134-F58AACD8CAB9}.Ad-Hoc|x64.ActiveCfg = Release|Any CPU
		{D09C0570-5AAD-42EB-9134-F58AACD8CAB9}.Ad-Hoc|x64.Build.0 = Release|Any CPU
		{D09C0570-5AAD-42EB-9134-F58AACD8CAB9}.Ad-Hoc|x64.Deploy.0 = Release|Any CPU
		{D09C0570-5AAD-42EB-9134-F58AACD8CAB9}.Ad-Hoc|x86.ActiveCfg = Release|x86
		{D09C0570-5AAD-42EB-9134-F58AACD8CAB9}.Ad-Hoc|x86.Build.0 = Release|x86
		{D09C0570-5AAD-42EB-9134-F58AACD8CAB9}.Ad-Hoc|x86.Deploy.0 = Release|x86
		{D09C0570-5AAD-42EB-9134-F58AACD8CAB9}.AppStore|Any CPU.ActiveCfg = Release|Any CPU
		{D09C0570-5AAD-42EB-9134-F58AACD8CAB9}.AppStore|Any CPU.Build.0 = Release|Any CPU
		{D09C0570-5AAD-42EB-9134-F58AACD8CAB9}.AppStore|Any CPU.Deploy.0 = Release|Any CPU
		{D09C0570-5AAD-42EB-9134-F58AACD8CAB9}.AppStore|ARM.ActiveCfg = Release|ARM
		{D09C0570-5AAD-42EB-9134-F58AACD8CAB9}.AppStore|ARM.Build.0 = Release|ARM
		{D09C0570-5AAD-42EB-9134-F58AACD8CAB9}.AppStore|ARM.Deploy.0 = Release|ARM
		{D09C0570-5AAD-42EB-9134-F58AACD8CAB9}.AppStore|iPhone.ActiveCfg = Release|Any CPU
		{D09C0570-5AAD-42EB-9134-F58AACD8CAB9}.AppStore|iPhone.Build.0 = Release|Any CPU
		{D09C0570-5AAD-42EB-9134-F58AACD8CAB9}.AppStore|iPhone.Deploy.0 = Release|Any CPU
		{D09C0570-5AAD-42EB-9134-F58AACD8CAB9}.AppStore|iPhoneSimulator.ActiveCfg = Release|Any CPU
		{D09C0570-5AAD-42EB-9134-F58AACD8CAB9}.AppStore|iPhoneSimulator.Build.0 = Release|Any CPU
		{D09C0570-5AAD-42EB-9134-F58AACD8CAB9}.AppStore|iPhoneSimulator.Deploy.0 = Release|Any CPU
		{D09C0570-5AAD-42EB-9134-F58AACD8CAB9}.AppStore|x64.ActiveCfg = Release|Any CPU
		{D09C0570-5AAD-42EB-9134-F58AACD8CAB9}.AppStore|x64.Build.0 = Release|Any CPU
		{D09C0570-5AAD-42EB-9134-F58AACD8CAB9}.AppStore|x64.Deploy.0 = Release|Any CPU
		{D09C0570-5AAD-42EB-9134-F58AACD8CAB9}.AppStore|x86.ActiveCfg = Release|x86
		{D09C0570-5AAD-42EB-9134-F58AACD8CAB9}.AppStore|x86.Build.0 = Release|x86
		{D09C0570-5AAD-42EB-9134-F58AACD8CAB9}.AppStore|x86.Deploy.0 = Release|x86
		{D09C0570-5AAD-42EB-9134-F58AACD8CAB9}.Debug|Any CPU.ActiveCfg = Debug|Any CPU
		{D09C0570-5AAD-42EB-9134-F58AACD8CAB9}.Debug|Any CPU.Build.0 = Debug|Any CPU
		{D09C0570-5AAD-42EB-9134-F58AACD8CAB9}.Debug|Any CPU.Deploy.0 = Debug|Any CPU
		{D09C0570-5AAD-42EB-9134-F58AACD8CAB9}.Debug|ARM.ActiveCfg = Debug|ARM
		{D09C0570-5AAD-42EB-9134-F58AACD8CAB9}.Debug|ARM.Build.0 = Debug|ARM
		{D09C0570-5AAD-42EB-9134-F58AACD8CAB9}.Debug|ARM.Deploy.0 = Debug|ARM
		{D09C0570-5AAD-42EB-9134-F58AACD8CAB9}.Debug|iPhone.ActiveCfg = Debug|Any CPU
		{D09C0570-5AAD-42EB-9134-F58AACD8CAB9}.Debug|iPhone.Build.0 = Debug|Any CPU
		{D09C0570-5AAD-42EB-9134-F58AACD8CAB9}.Debug|iPhone.Deploy.0 = Debug|Any CPU
		{D09C0570-5AAD-42EB-9134-F58AACD8CAB9}.Debug|iPhoneSimulator.ActiveCfg = Debug|Any CPU
		{D09C0570-5AAD-42EB-9134-F58AACD8CAB9}.Debug|iPhoneSimulator.Build.0 = Debug|Any CPU
		{D09C0570-5AAD-42EB-9134-F58AACD8CAB9}.Debug|iPhoneSimulator.Deploy.0 = Debug|Any CPU
		{D09C0570-5AAD-42EB-9134-F58AACD8CAB9}.Debug|x64.ActiveCfg = Debug|Any CPU
		{D09C0570-5AAD-42EB-9134-F58AACD8CAB9}.Debug|x64.Build.0 = Debug|Any CPU
		{D09C0570-5AAD-42EB-9134-F58AACD8CAB9}.Debug|x64.Deploy.0 = Debug|Any CPU
		{D09C0570-5AAD-42EB-9134-F58AACD8CAB9}.Debug|x86.ActiveCfg = Debug|x86
		{D09C0570-5AAD-42EB-9134-F58AACD8CAB9}.Debug|x86.Build.0 = Debug|x86
		{D09C0570-5AAD-42EB-9134-F58AACD8CAB9}.Debug|x86.Deploy.0 = Debug|x86
		{D09C0570-5AAD-42EB-9134-F58AACD8CAB9}.Release|Any CPU.ActiveCfg = Release|Any CPU
		{D09C0570-5AAD-42EB-9134-F58AACD8CAB9}.Release|Any CPU.Build.0 = Release|Any CPU
		{D09C0570-5AAD-42EB-9134-F58AACD8CAB9}.Release|Any CPU.Deploy.0 = Release|Any CPU
		{D09C0570-5AAD-42EB-9134-F58AACD8CAB9}.Release|ARM.ActiveCfg = Release|ARM
		{D09C0570-5AAD-42EB-9134-F58AACD8CAB9}.Release|ARM.Build.0 = Release|ARM
		{D09C0570-5AAD-42EB-9134-F58AACD8CAB9}.Release|ARM.Deploy.0 = Release|ARM
		{D09C0570-5AAD-42EB-9134-F58AACD8CAB9}.Release|iPhone.ActiveCfg = Release|Any CPU
		{D09C0570-5AAD-42EB-9134-F58AACD8CAB9}.Release|iPhone.Build.0 = Release|Any CPU
		{D09C0570-5AAD-42EB-9134-F58AACD8CAB9}.Release|iPhone.Deploy.0 = Release|Any CPU
		{D09C0570-5AAD-42EB-9134-F58AACD8CAB9}.Release|iPhoneSimulator.ActiveCfg = Release|Any CPU
		{D09C0570-5AAD-42EB-9134-F58AACD8CAB9}.Release|iPhoneSimulator.Build.0 = Release|Any CPU
		{D09C0570-5AAD-42EB-9134-F58AACD8CAB9}.Release|iPhoneSimulator.Deploy.0 = Release|Any CPU
		{D09C0570-5AAD-42EB-9134-F58AACD8CAB9}.Release|x64.ActiveCfg = Release|Any CPU
		{D09C0570-5AAD-42EB-9134-F58AACD8CAB9}.Release|x64.Build.0 = Release|Any CPU
		{D09C0570-5AAD-42EB-9134-F58AACD8CAB9}.Release|x64.Deploy.0 = Release|Any CPU
		{D09C0570-5AAD-42EB-9134-F58AACD8CAB9}.Release|x86.ActiveCfg = Release|x86
		{D09C0570-5AAD-42EB-9134-F58AACD8CAB9}.Release|x86.Build.0 = Release|x86
		{D09C0570-5AAD-42EB-9134-F58AACD8CAB9}.Release|x86.Deploy.0 = Release|x86
		{9256CD0F-797D-41C5-A3D1-DAB3EEBCE701}.Ad-Hoc|Any CPU.ActiveCfg = Release|x86
		{9256CD0F-797D-41C5-A3D1-DAB3EEBCE701}.Ad-Hoc|Any CPU.Build.0 = Release|x86
		{9256CD0F-797D-41C5-A3D1-DAB3EEBCE701}.Ad-Hoc|Any CPU.Deploy.0 = Release|x86
		{9256CD0F-797D-41C5-A3D1-DAB3EEBCE701}.Ad-Hoc|ARM.ActiveCfg = Release|ARM
		{9256CD0F-797D-41C5-A3D1-DAB3EEBCE701}.Ad-Hoc|ARM.Build.0 = Release|ARM
		{9256CD0F-797D-41C5-A3D1-DAB3EEBCE701}.Ad-Hoc|ARM.Deploy.0 = Release|ARM
		{9256CD0F-797D-41C5-A3D1-DAB3EEBCE701}.Ad-Hoc|iPhone.ActiveCfg = Release|x86
		{9256CD0F-797D-41C5-A3D1-DAB3EEBCE701}.Ad-Hoc|iPhone.Build.0 = Release|x86
		{9256CD0F-797D-41C5-A3D1-DAB3EEBCE701}.Ad-Hoc|iPhone.Deploy.0 = Release|x86
		{9256CD0F-797D-41C5-A3D1-DAB3EEBCE701}.Ad-Hoc|iPhoneSimulator.ActiveCfg = Release|x86
		{9256CD0F-797D-41C5-A3D1-DAB3EEBCE701}.Ad-Hoc|iPhoneSimulator.Build.0 = Release|x86
		{9256CD0F-797D-41C5-A3D1-DAB3EEBCE701}.Ad-Hoc|iPhoneSimulator.Deploy.0 = Release|x86
		{9256CD0F-797D-41C5-A3D1-DAB3EEBCE701}.Ad-Hoc|x64.ActiveCfg = Release|x64
		{9256CD0F-797D-41C5-A3D1-DAB3EEBCE701}.Ad-Hoc|x64.Build.0 = Release|x64
		{9256CD0F-797D-41C5-A3D1-DAB3EEBCE701}.Ad-Hoc|x64.Deploy.0 = Release|x64
		{9256CD0F-797D-41C5-A3D1-DAB3EEBCE701}.Ad-Hoc|x86.ActiveCfg = Release|x86
		{9256CD0F-797D-41C5-A3D1-DAB3EEBCE701}.Ad-Hoc|x86.Build.0 = Release|x86
		{9256CD0F-797D-41C5-A3D1-DAB3EEBCE701}.Ad-Hoc|x86.Deploy.0 = Release|x86
		{9256CD0F-797D-41C5-A3D1-DAB3EEBCE701}.AppStore|Any CPU.ActiveCfg = Release|x86
		{9256CD0F-797D-41C5-A3D1-DAB3EEBCE701}.AppStore|Any CPU.Build.0 = Release|x86
		{9256CD0F-797D-41C5-A3D1-DAB3EEBCE701}.AppStore|Any CPU.Deploy.0 = Release|x86
		{9256CD0F-797D-41C5-A3D1-DAB3EEBCE701}.AppStore|ARM.ActiveCfg = Release|ARM
		{9256CD0F-797D-41C5-A3D1-DAB3EEBCE701}.AppStore|ARM.Build.0 = Release|ARM
		{9256CD0F-797D-41C5-A3D1-DAB3EEBCE701}.AppStore|ARM.Deploy.0 = Release|ARM
		{9256CD0F-797D-41C5-A3D1-DAB3EEBCE701}.AppStore|iPhone.ActiveCfg = Release|x86
		{9256CD0F-797D-41C5-A3D1-DAB3EEBCE701}.AppStore|iPhone.Build.0 = Release|x86
		{9256CD0F-797D-41C5-A3D1-DAB3EEBCE701}.AppStore|iPhone.Deploy.0 = Release|x86
		{9256CD0F-797D-41C5-A3D1-DAB3EEBCE701}.AppStore|iPhoneSimulator.ActiveCfg = Release|x86
		{9256CD0F-797D-41C5-A3D1-DAB3EEBCE701}.AppStore|iPhoneSimulator.Build.0 = Release|x86
		{9256CD0F-797D-41C5-A3D1-DAB3EEBCE701}.AppStore|iPhoneSimulator.Deploy.0 = Release|x86
		{9256CD0F-797D-41C5-A3D1-DAB3EEBCE701}.AppStore|x64.ActiveCfg = Release|x64
		{9256CD0F-797D-41C5-A3D1-DAB3EEBCE701}.AppStore|x64.Build.0 = Release|x64
		{9256CD0F-797D-41C5-A3D1-DAB3EEBCE701}.AppStore|x64.Deploy.0 = Release|x64
		{9256CD0F-797D-41C5-A3D1-DAB3EEBCE701}.AppStore|x86.ActiveCfg = Release|x86
		{9256CD0F-797D-41C5-A3D1-DAB3EEBCE701}.AppStore|x86.Build.0 = Release|x86
		{9256CD0F-797D-41C5-A3D1-DAB3EEBCE701}.AppStore|x86.Deploy.0 = Release|x86
		{9256CD0F-797D-41C5-A3D1-DAB3EEBCE701}.Debug|Any CPU.ActiveCfg = Debug|x86
		{9256CD0F-797D-41C5-A3D1-DAB3EEBCE701}.Debug|ARM.ActiveCfg = Debug|ARM
		{9256CD0F-797D-41C5-A3D1-DAB3EEBCE701}.Debug|ARM.Build.0 = Debug|ARM
		{9256CD0F-797D-41C5-A3D1-DAB3EEBCE701}.Debug|ARM.Deploy.0 = Debug|ARM
		{9256CD0F-797D-41C5-A3D1-DAB3EEBCE701}.Debug|iPhone.ActiveCfg = Debug|x86
		{9256CD0F-797D-41C5-A3D1-DAB3EEBCE701}.Debug|iPhoneSimulator.ActiveCfg = Debug|x86
		{9256CD0F-797D-41C5-A3D1-DAB3EEBCE701}.Debug|x64.ActiveCfg = Debug|x64
		{9256CD0F-797D-41C5-A3D1-DAB3EEBCE701}.Debug|x64.Build.0 = Debug|x64
		{9256CD0F-797D-41C5-A3D1-DAB3EEBCE701}.Debug|x64.Deploy.0 = Debug|x64
		{9256CD0F-797D-41C5-A3D1-DAB3EEBCE701}.Debug|x86.ActiveCfg = Debug|x86
		{9256CD0F-797D-41C5-A3D1-DAB3EEBCE701}.Debug|x86.Build.0 = Debug|x86
		{9256CD0F-797D-41C5-A3D1-DAB3EEBCE701}.Debug|x86.Deploy.0 = Debug|x86
		{9256CD0F-797D-41C5-A3D1-DAB3EEBCE701}.Release|Any CPU.ActiveCfg = Release|x86
		{9256CD0F-797D-41C5-A3D1-DAB3EEBCE701}.Release|ARM.ActiveCfg = Release|ARM
		{9256CD0F-797D-41C5-A3D1-DAB3EEBCE701}.Release|ARM.Build.0 = Release|ARM
		{9256CD0F-797D-41C5-A3D1-DAB3EEBCE701}.Release|ARM.Deploy.0 = Release|ARM
		{9256CD0F-797D-41C5-A3D1-DAB3EEBCE701}.Release|iPhone.ActiveCfg = Release|x86
		{9256CD0F-797D-41C5-A3D1-DAB3EEBCE701}.Release|iPhoneSimulator.ActiveCfg = Release|x86
		{9256CD0F-797D-41C5-A3D1-DAB3EEBCE701}.Release|x64.ActiveCfg = Release|x64
		{9256CD0F-797D-41C5-A3D1-DAB3EEBCE701}.Release|x64.Build.0 = Release|x64
		{9256CD0F-797D-41C5-A3D1-DAB3EEBCE701}.Release|x64.Deploy.0 = Release|x64
		{9256CD0F-797D-41C5-A3D1-DAB3EEBCE701}.Release|x86.ActiveCfg = Release|x86
		{9256CD0F-797D-41C5-A3D1-DAB3EEBCE701}.Release|x86.Build.0 = Release|x86
		{9256CD0F-797D-41C5-A3D1-DAB3EEBCE701}.Release|x86.Deploy.0 = Release|x86
		{9307CD16-2E8E-4A63-B09D-F064D6B3A800}.Ad-Hoc|Any CPU.ActiveCfg = Release|Any CPU
		{9307CD16-2E8E-4A63-B09D-F064D6B3A800}.Ad-Hoc|Any CPU.Build.0 = Release|Any CPU
		{9307CD16-2E8E-4A63-B09D-F064D6B3A800}.Ad-Hoc|Any CPU.Deploy.0 = Release|Any CPU
		{9307CD16-2E8E-4A63-B09D-F064D6B3A800}.Ad-Hoc|ARM.ActiveCfg = Release|ARM
		{9307CD16-2E8E-4A63-B09D-F064D6B3A800}.Ad-Hoc|ARM.Build.0 = Release|ARM
		{9307CD16-2E8E-4A63-B09D-F064D6B3A800}.Ad-Hoc|ARM.Deploy.0 = Release|ARM
		{9307CD16-2E8E-4A63-B09D-F064D6B3A800}.Ad-Hoc|iPhone.ActiveCfg = Release|Any CPU
		{9307CD16-2E8E-4A63-B09D-F064D6B3A800}.Ad-Hoc|iPhone.Build.0 = Release|Any CPU
		{9307CD16-2E8E-4A63-B09D-F064D6B3A800}.Ad-Hoc|iPhone.Deploy.0 = Release|Any CPU
		{9307CD16-2E8E-4A63-B09D-F064D6B3A800}.Ad-Hoc|iPhoneSimulator.ActiveCfg = Release|Any CPU
		{9307CD16-2E8E-4A63-B09D-F064D6B3A800}.Ad-Hoc|iPhoneSimulator.Build.0 = Release|Any CPU
		{9307CD16-2E8E-4A63-B09D-F064D6B3A800}.Ad-Hoc|iPhoneSimulator.Deploy.0 = Release|Any CPU
		{9307CD16-2E8E-4A63-B09D-F064D6B3A800}.Ad-Hoc|x64.ActiveCfg = Release|x64
		{9307CD16-2E8E-4A63-B09D-F064D6B3A800}.Ad-Hoc|x64.Build.0 = Release|x64
		{9307CD16-2E8E-4A63-B09D-F064D6B3A800}.Ad-Hoc|x64.Deploy.0 = Release|x64
		{9307CD16-2E8E-4A63-B09D-F064D6B3A800}.Ad-Hoc|x86.ActiveCfg = Release|x86
		{9307CD16-2E8E-4A63-B09D-F064D6B3A800}.Ad-Hoc|x86.Build.0 = Release|x86
		{9307CD16-2E8E-4A63-B09D-F064D6B3A800}.Ad-Hoc|x86.Deploy.0 = Release|x86
		{9307CD16-2E8E-4A63-B09D-F064D6B3A800}.AppStore|Any CPU.ActiveCfg = Release|Any CPU
		{9307CD16-2E8E-4A63-B09D-F064D6B3A800}.AppStore|Any CPU.Build.0 = Release|Any CPU
		{9307CD16-2E8E-4A63-B09D-F064D6B3A800}.AppStore|Any CPU.Deploy.0 = Release|Any CPU
		{9307CD16-2E8E-4A63-B09D-F064D6B3A800}.AppStore|ARM.ActiveCfg = Release|ARM
		{9307CD16-2E8E-4A63-B09D-F064D6B3A800}.AppStore|ARM.Build.0 = Release|ARM
		{9307CD16-2E8E-4A63-B09D-F064D6B3A800}.AppStore|ARM.Deploy.0 = Release|ARM
		{9307CD16-2E8E-4A63-B09D-F064D6B3A800}.AppStore|iPhone.ActiveCfg = Release|Any CPU
		{9307CD16-2E8E-4A63-B09D-F064D6B3A800}.AppStore|iPhone.Build.0 = Release|Any CPU
		{9307CD16-2E8E-4A63-B09D-F064D6B3A800}.AppStore|iPhone.Deploy.0 = Release|Any CPU
		{9307CD16-2E8E-4A63-B09D-F064D6B3A800}.AppStore|iPhoneSimulator.ActiveCfg = Release|Any CPU
		{9307CD16-2E8E-4A63-B09D-F064D6B3A800}.AppStore|iPhoneSimulator.Build.0 = Release|Any CPU
		{9307CD16-2E8E-4A63-B09D-F064D6B3A800}.AppStore|iPhoneSimulator.Deploy.0 = Release|Any CPU
		{9307CD16-2E8E-4A63-B09D-F064D6B3A800}.AppStore|x64.ActiveCfg = Release|x64
		{9307CD16-2E8E-4A63-B09D-F064D6B3A800}.AppStore|x64.Build.0 = Release|x64
		{9307CD16-2E8E-4A63-B09D-F064D6B3A800}.AppStore|x64.Deploy.0 = Release|x64
		{9307CD16-2E8E-4A63-B09D-F064D6B3A800}.AppStore|x86.ActiveCfg = Release|x86
		{9307CD16-2E8E-4A63-B09D-F064D6B3A800}.AppStore|x86.Build.0 = Release|x86
		{9307CD16-2E8E-4A63-B09D-F064D6B3A800}.AppStore|x86.Deploy.0 = Release|x86
		{9307CD16-2E8E-4A63-B09D-F064D6B3A800}.Debug|Any CPU.ActiveCfg = Debug|Any CPU
		{9307CD16-2E8E-4A63-B09D-F064D6B3A800}.Debug|Any CPU.Build.0 = Debug|Any CPU
		{9307CD16-2E8E-4A63-B09D-F064D6B3A800}.Debug|Any CPU.Deploy.0 = Debug|Any CPU
		{9307CD16-2E8E-4A63-B09D-F064D6B3A800}.Debug|ARM.ActiveCfg = Debug|ARM
		{9307CD16-2E8E-4A63-B09D-F064D6B3A800}.Debug|ARM.Build.0 = Debug|ARM
		{9307CD16-2E8E-4A63-B09D-F064D6B3A800}.Debug|ARM.Deploy.0 = Debug|ARM
		{9307CD16-2E8E-4A63-B09D-F064D6B3A800}.Debug|iPhone.ActiveCfg = Debug|Any CPU
		{9307CD16-2E8E-4A63-B09D-F064D6B3A800}.Debug|iPhone.Build.0 = Debug|Any CPU
		{9307CD16-2E8E-4A63-B09D-F064D6B3A800}.Debug|iPhone.Deploy.0 = Debug|Any CPU
		{9307CD16-2E8E-4A63-B09D-F064D6B3A800}.Debug|iPhoneSimulator.ActiveCfg = Debug|Any CPU
		{9307CD16-2E8E-4A63-B09D-F064D6B3A800}.Debug|iPhoneSimulator.Build.0 = Debug|Any CPU
		{9307CD16-2E8E-4A63-B09D-F064D6B3A800}.Debug|iPhoneSimulator.Deploy.0 = Debug|Any CPU
		{9307CD16-2E8E-4A63-B09D-F064D6B3A800}.Debug|x64.ActiveCfg = Debug|x64
		{9307CD16-2E8E-4A63-B09D-F064D6B3A800}.Debug|x64.Build.0 = Debug|x64
		{9307CD16-2E8E-4A63-B09D-F064D6B3A800}.Debug|x64.Deploy.0 = Debug|x64
		{9307CD16-2E8E-4A63-B09D-F064D6B3A800}.Debug|x86.ActiveCfg = Debug|x86
		{9307CD16-2E8E-4A63-B09D-F064D6B3A800}.Debug|x86.Build.0 = Debug|x86
		{9307CD16-2E8E-4A63-B09D-F064D6B3A800}.Debug|x86.Deploy.0 = Debug|x86
		{9307CD16-2E8E-4A63-B09D-F064D6B3A800}.Release|Any CPU.ActiveCfg = Release|Any CPU
		{9307CD16-2E8E-4A63-B09D-F064D6B3A800}.Release|Any CPU.Build.0 = Release|Any CPU
		{9307CD16-2E8E-4A63-B09D-F064D6B3A800}.Release|Any CPU.Deploy.0 = Release|Any CPU
		{9307CD16-2E8E-4A63-B09D-F064D6B3A800}.Release|ARM.ActiveCfg = Release|ARM
		{9307CD16-2E8E-4A63-B09D-F064D6B3A800}.Release|ARM.Build.0 = Release|ARM
		{9307CD16-2E8E-4A63-B09D-F064D6B3A800}.Release|ARM.Deploy.0 = Release|ARM
		{9307CD16-2E8E-4A63-B09D-F064D6B3A800}.Release|iPhone.ActiveCfg = Release|Any CPU
		{9307CD16-2E8E-4A63-B09D-F064D6B3A800}.Release|iPhone.Build.0 = Release|Any CPU
		{9307CD16-2E8E-4A63-B09D-F064D6B3A800}.Release|iPhone.Deploy.0 = Release|Any CPU
		{9307CD16-2E8E-4A63-B09D-F064D6B3A800}.Release|iPhoneSimulator.ActiveCfg = Release|Any CPU
		{9307CD16-2E8E-4A63-B09D-F064D6B3A800}.Release|iPhoneSimulator.Build.0 = Release|Any CPU
		{9307CD16-2E8E-4A63-B09D-F064D6B3A800}.Release|iPhoneSimulator.Deploy.0 = Release|Any CPU
		{9307CD16-2E8E-4A63-B09D-F064D6B3A800}.Release|x64.ActiveCfg = Release|x64
		{9307CD16-2E8E-4A63-B09D-F064D6B3A800}.Release|x64.Build.0 = Release|x64
		{9307CD16-2E8E-4A63-B09D-F064D6B3A800}.Release|x64.Deploy.0 = Release|x64
		{9307CD16-2E8E-4A63-B09D-F064D6B3A800}.Release|x86.ActiveCfg = Release|x86
		{9307CD16-2E8E-4A63-B09D-F064D6B3A800}.Release|x86.Build.0 = Release|x86
		{9307CD16-2E8E-4A63-B09D-F064D6B3A800}.Release|x86.Deploy.0 = Release|x86
	EndGlobalSection
	GlobalSection(SolutionProperties) = preSolution
		HideSolutionNode = FALSE
	EndGlobalSection
EndGlobal
